
Microsoft Visual Studio Solution File, Format Version 12.00
# Visual Studio 15
VisualStudioVersion = 15.0.26730.16
MinimumVisualStudioVersion = 10.0.40219.1
Project("{FAE04EC0-301F-11D3-BF4B-00C04F79EFBC}") = "SampleTestXFApp.Android", "SampleTestXFApp\SampleTestXFApp.Android\SampleTestXFApp.Android.csproj", "{897147C2-310B-4AC5-8235-540B4355F063}"
EndProject
Project("{FAE04EC0-301F-11D3-BF4B-00C04F79EFBC}") = "SampleTestXFApp", "SampleTestXFApp\SampleTestXFApp\SampleTestXFApp.csproj", "{36104C45-F2AF-417B-B4F0-62A630E352D6}"
EndProject
Project("{FAE04EC0-301F-11D3-BF4B-00C04F79EFBC}") = "SampleTestXFApp.UWP", "SampleTestXFApp\SampleTestXFApp.UWP\SampleTestXFApp.UWP.csproj", "{BA4A48BD-B5BF-43D9-A268-9255295705BC}"
EndProject
Project("{FAE04EC0-301F-11D3-BF4B-00C04F79EFBC}") = "SampleTestXFApp.iOS", "SampleTestXFApp\SampleTestXFApp.iOS\SampleTestXFApp.iOS.csproj", "{E924DAB9-F5F3-409D-B1FC-857B43455244}"
EndProject
Global
	GlobalSection(SolutionConfigurationPlatforms) = preSolution
		Ad-Hoc|Any CPU = Ad-Hoc|Any CPU
		Ad-Hoc|ARM = Ad-Hoc|ARM
		Ad-Hoc|iPhone = Ad-Hoc|iPhone
		Ad-Hoc|iPhoneSimulator = Ad-Hoc|iPhoneSimulator
		Ad-Hoc|x64 = Ad-Hoc|x64
		Ad-Hoc|x86 = Ad-Hoc|x86
		AppStore|Any CPU = AppStore|Any CPU
		AppStore|ARM = AppStore|ARM
		AppStore|iPhone = AppStore|iPhone
		AppStore|iPhoneSimulator = AppStore|iPhoneSimulator
		AppStore|x64 = AppStore|x64
		AppStore|x86 = AppStore|x86
		Debug|Any CPU = Debug|Any CPU
		Debug|ARM = Debug|ARM
		Debug|iPhone = Debug|iPhone
		Debug|iPhoneSimulator = Debug|iPhoneSimulator
		Debug|x64 = Debug|x64
		Debug|x86 = Debug|x86
		Release|Any CPU = Release|Any CPU
		Release|ARM = Release|ARM
		Release|iPhone = Release|iPhone
		Release|iPhoneSimulator = Release|iPhoneSimulator
		Release|x64 = Release|x64
		Release|x86 = Release|x86
	EndGlobalSection
	GlobalSection(ProjectConfigurationPlatforms) = postSolution
		{897147C2-310B-4AC5-8235-540B4355F063}.Ad-Hoc|Any CPU.ActiveCfg = Release|Any CPU
		{897147C2-310B-4AC5-8235-540B4355F063}.Ad-Hoc|Any CPU.Build.0 = Release|Any CPU
		{897147C2-310B-4AC5-8235-540B4355F063}.Ad-Hoc|Any CPU.Deploy.0 = Release|Any CPU
		{897147C2-310B-4AC5-8235-540B4355F063}.Ad-Hoc|ARM.ActiveCfg = Release|Any CPU
		{897147C2-310B-4AC5-8235-540B4355F063}.Ad-Hoc|ARM.Build.0 = Release|Any CPU
		{897147C2-310B-4AC5-8235-540B4355F063}.Ad-Hoc|ARM.Deploy.0 = Release|Any CPU
		{897147C2-310B-4AC5-8235-540B4355F063}.Ad-Hoc|iPhone.ActiveCfg = Release|Any CPU
		{897147C2-310B-4AC5-8235-540B4355F063}.Ad-Hoc|iPhone.Build.0 = Release|Any CPU
		{897147C2-310B-4AC5-8235-540B4355F063}.Ad-Hoc|iPhone.Deploy.0 = Release|Any CPU
		{897147C2-310B-4AC5-8235-540B4355F063}.Ad-Hoc|iPhoneSimulator.ActiveCfg = Release|Any CPU
		{897147C2-310B-4AC5-8235-540B4355F063}.Ad-Hoc|iPhoneSimulator.Build.0 = Release|Any CPU
		{897147C2-310B-4AC5-8235-540B4355F063}.Ad-Hoc|iPhoneSimulator.Deploy.0 = Release|Any CPU
		{897147C2-310B-4AC5-8235-540B4355F063}.Ad-Hoc|x64.ActiveCfg = Release|Any CPU
		{897147C2-310B-4AC5-8235-540B4355F063}.Ad-Hoc|x64.Build.0 = Release|Any CPU
		{897147C2-310B-4AC5-8235-540B4355F063}.Ad-Hoc|x64.Deploy.0 = Release|Any CPU
		{897147C2-310B-4AC5-8235-540B4355F063}.Ad-Hoc|x86.ActiveCfg = Release|Any CPU
		{897147C2-310B-4AC5-8235-540B4355F063}.Ad-Hoc|x86.Build.0 = Release|Any CPU
		{897147C2-310B-4AC5-8235-540B4355F063}.Ad-Hoc|x86.Deploy.0 = Release|Any CPU
		{897147C2-310B-4AC5-8235-540B4355F063}.AppStore|Any CPU.ActiveCfg = Release|Any CPU
		{897147C2-310B-4AC5-8235-540B4355F063}.AppStore|Any CPU.Build.0 = Release|Any CPU
		{897147C2-310B-4AC5-8235-540B4355F063}.AppStore|Any CPU.Deploy.0 = Release|Any CPU
		{897147C2-310B-4AC5-8235-540B4355F063}.AppStore|ARM.ActiveCfg = Release|Any CPU
		{897147C2-310B-4AC5-8235-540B4355F063}.AppStore|ARM.Build.0 = Release|Any CPU
		{897147C2-310B-4AC5-8235-540B4355F063}.AppStore|ARM.Deploy.0 = Release|Any CPU
		{897147C2-310B-4AC5-8235-540B4355F063}.AppStore|iPhone.ActiveCfg = Release|Any CPU
		{897147C2-310B-4AC5-8235-540B4355F063}.AppStore|iPhone.Build.0 = Release|Any CPU
		{897147C2-310B-4AC5-8235-540B4355F063}.AppStore|iPhone.Deploy.0 = Release|Any CPU
		{897147C2-310B-4AC5-8235-540B4355F063}.AppStore|iPhoneSimulator.ActiveCfg = Release|Any CPU
		{897147C2-310B-4AC5-8235-540B4355F063}.AppStore|iPhoneSimulator.Build.0 = Release|Any CPU
		{897147C2-310B-4AC5-8235-540B4355F063}.AppStore|iPhoneSimulator.Deploy.0 = Release|Any CPU
		{897147C2-310B-4AC5-8235-540B4355F063}.AppStore|x64.ActiveCfg = Release|Any CPU
		{897147C2-310B-4AC5-8235-540B4355F063}.AppStore|x64.Build.0 = Release|Any CPU
		{897147C2-310B-4AC5-8235-540B4355F063}.AppStore|x64.Deploy.0 = Release|Any CPU
		{897147C2-310B-4AC5-8235-540B4355F063}.AppStore|x86.ActiveCfg = Release|Any CPU
		{897147C2-310B-4AC5-8235-540B4355F063}.AppStore|x86.Build.0 = Release|Any CPU
		{897147C2-310B-4AC5-8235-540B4355F063}.AppStore|x86.Deploy.0 = Release|Any CPU
		{897147C2-310B-4AC5-8235-540B4355F063}.Debug|Any CPU.ActiveCfg = Debug|Any CPU
		{897147C2-310B-4AC5-8235-540B4355F063}.Debug|Any CPU.Build.0 = Debug|Any CPU
		{897147C2-310B-4AC5-8235-540B4355F063}.Debug|Any CPU.Deploy.0 = Debug|Any CPU
		{897147C2-310B-4AC5-8235-540B4355F063}.Debug|ARM.ActiveCfg = Debug|Any CPU
		{897147C2-310B-4AC5-8235-540B4355F063}.Debug|ARM.Build.0 = Debug|Any CPU
		{897147C2-310B-4AC5-8235-540B4355F063}.Debug|ARM.Deploy.0 = Debug|Any CPU
		{897147C2-310B-4AC5-8235-540B4355F063}.Debug|iPhone.ActiveCfg = Debug|Any CPU
		{897147C2-310B-4AC5-8235-540B4355F063}.Debug|iPhone.Build.0 = Debug|Any CPU
		{897147C2-310B-4AC5-8235-540B4355F063}.Debug|iPhone.Deploy.0 = Debug|Any CPU
		{897147C2-310B-4AC5-8235-540B4355F063}.Debug|iPhoneSimulator.ActiveCfg = Debug|Any CPU
		{897147C2-310B-4AC5-8235-540B4355F063}.Debug|iPhoneSimulator.Build.0 = Debug|Any CPU
		{897147C2-310B-4AC5-8235-540B4355F063}.Debug|iPhoneSimulator.Deploy.0 = Debug|Any CPU
		{897147C2-310B-4AC5-8235-540B4355F063}.Debug|x64.ActiveCfg = Debug|Any CPU
		{897147C2-310B-4AC5-8235-540B4355F063}.Debug|x64.Build.0 = Debug|Any CPU
		{897147C2-310B-4AC5-8235-540B4355F063}.Debug|x64.Deploy.0 = Debug|Any CPU
		{897147C2-310B-4AC5-8235-540B4355F063}.Debug|x86.ActiveCfg = Debug|Any CPU
		{897147C2-310B-4AC5-8235-540B4355F063}.Debug|x86.Build.0 = Debug|Any CPU
		{897147C2-310B-4AC5-8235-540B4355F063}.Debug|x86.Deploy.0 = Debug|Any CPU
		{897147C2-310B-4AC5-8235-540B4355F063}.Release|Any CPU.ActiveCfg = Release|Any CPU
		{897147C2-310B-4AC5-8235-540B4355F063}.Release|Any CPU.Build.0 = Release|Any CPU
		{897147C2-310B-4AC5-8235-540B4355F063}.Release|Any CPU.Deploy.0 = Release|Any CPU
		{897147C2-310B-4AC5-8235-540B4355F063}.Release|ARM.ActiveCfg = Release|Any CPU
		{897147C2-310B-4AC5-8235-540B4355F063}.Release|ARM.Build.0 = Release|Any CPU
		{897147C2-310B-4AC5-8235-540B4355F063}.Release|ARM.Deploy.0 = Release|Any CPU
		{897147C2-310B-4AC5-8235-540B4355F063}.Release|iPhone.ActiveCfg = Release|Any CPU
		{897147C2-310B-4AC5-8235-540B4355F063}.Release|iPhone.Build.0 = Release|Any CPU
		{897147C2-310B-4AC5-8235-540B4355F063}.Release|iPhone.Deploy.0 = Release|Any CPU
		{897147C2-310B-4AC5-8235-540B4355F063}.Release|iPhoneSimulator.ActiveCfg = Release|Any CPU
		{897147C2-310B-4AC5-8235-540B4355F063}.Release|iPhoneSimulator.Build.0 = Release|Any CPU
		{897147C2-310B-4AC5-8235-540B4355F063}.Release|iPhoneSimulator.Deploy.0 = Release|Any CPU
		{897147C2-310B-4AC5-8235-540B4355F063}.Release|x64.ActiveCfg = Release|Any CPU
		{897147C2-310B-4AC5-8235-540B4355F063}.Release|x64.Build.0 = Release|Any CPU
		{897147C2-310B-4AC5-8235-540B4355F063}.Release|x64.Deploy.0 = Release|Any CPU
		{897147C2-310B-4AC5-8235-540B4355F063}.Release|x86.ActiveCfg = Release|Any CPU
		{897147C2-310B-4AC5-8235-540B4355F063}.Release|x86.Build.0 = Release|Any CPU
		{897147C2-310B-4AC5-8235-540B4355F063}.Release|x86.Deploy.0 = Release|Any CPU
		{36104C45-F2AF-417B-B4F0-62A630E352D6}.Ad-Hoc|Any CPU.ActiveCfg = Release|Any CPU
		{36104C45-F2AF-417B-B4F0-62A630E352D6}.Ad-Hoc|Any CPU.Build.0 = Release|Any CPU
		{36104C45-F2AF-417B-B4F0-62A630E352D6}.Ad-Hoc|ARM.ActiveCfg = Release|Any CPU
		{36104C45-F2AF-417B-B4F0-62A630E352D6}.Ad-Hoc|ARM.Build.0 = Release|Any CPU
		{36104C45-F2AF-417B-B4F0-62A630E352D6}.Ad-Hoc|iPhone.ActiveCfg = Release|Any CPU
		{36104C45-F2AF-417B-B4F0-62A630E352D6}.Ad-Hoc|iPhone.Build.0 = Release|Any CPU
		{36104C45-F2AF-417B-B4F0-62A630E352D6}.Ad-Hoc|iPhoneSimulator.ActiveCfg = Release|Any CPU
		{36104C45-F2AF-417B-B4F0-62A630E352D6}.Ad-Hoc|iPhoneSimulator.Build.0 = Release|Any CPU
		{36104C45-F2AF-417B-B4F0-62A630E352D6}.Ad-Hoc|x64.ActiveCfg = Release|Any CPU
		{36104C45-F2AF-417B-B4F0-62A630E352D6}.Ad-Hoc|x64.Build.0 = Release|Any CPU
		{36104C45-F2AF-417B-B4F0-62A630E352D6}.Ad-Hoc|x86.ActiveCfg = Release|Any CPU
		{36104C45-F2AF-417B-B4F0-62A630E352D6}.Ad-Hoc|x86.Build.0 = Release|Any CPU
		{36104C45-F2AF-417B-B4F0-62A630E352D6}.AppStore|Any CPU.ActiveCfg = Release|Any CPU
		{36104C45-F2AF-417B-B4F0-62A630E352D6}.AppStore|Any CPU.Build.0 = Release|Any CPU
		{36104C45-F2AF-417B-B4F0-62A630E352D6}.AppStore|ARM.ActiveCfg = Release|Any CPU
		{36104C45-F2AF-417B-B4F0-62A630E352D6}.AppStore|ARM.Build.0 = Release|Any CPU
		{36104C45-F2AF-417B-B4F0-62A630E352D6}.AppStore|iPhone.ActiveCfg = Release|Any CPU
		{36104C45-F2AF-417B-B4F0-62A630E352D6}.AppStore|iPhone.Build.0 = Release|Any CPU
		{36104C45-F2AF-417B-B4F0-62A630E352D6}.AppStore|iPhoneSimulator.ActiveCfg = Release|Any CPU
		{36104C45-F2AF-417B-B4F0-62A630E352D6}.AppStore|iPhoneSimulator.Build.0 = Release|Any CPU
		{36104C45-F2AF-417B-B4F0-62A630E352D6}.AppStore|x64.ActiveCfg = Release|Any CPU
		{36104C45-F2AF-417B-B4F0-62A630E352D6}.AppStore|x64.Build.0 = Release|Any CPU
		{36104C45-F2AF-417B-B4F0-62A630E352D6}.AppStore|x86.ActiveCfg = Release|Any CPU
		{36104C45-F2AF-417B-B4F0-62A630E352D6}.AppStore|x86.Build.0 = Release|Any CPU
		{36104C45-F2AF-417B-B4F0-62A630E352D6}.Debug|Any CPU.ActiveCfg = Debug|Any CPU
		{36104C45-F2AF-417B-B4F0-62A630E352D6}.Debug|Any CPU.Build.0 = Debug|Any CPU
		{36104C45-F2AF-417B-B4F0-62A630E352D6}.Debug|ARM.ActiveCfg = Debug|Any CPU
		{36104C45-F2AF-417B-B4F0-62A630E352D6}.Debug|ARM.Build.0 = Debug|Any CPU
		{36104C45-F2AF-417B-B4F0-62A630E352D6}.Debug|iPhone.ActiveCfg = Debug|Any CPU
		{36104C45-F2AF-417B-B4F0-62A630E352D6}.Debug|iPhone.Build.0 = Debug|Any CPU
		{36104C45-F2AF-417B-B4F0-62A630E352D6}.Debug|iPhoneSimulator.ActiveCfg = Debug|Any CPU
		{36104C45-F2AF-417B-B4F0-62A630E352D6}.Debug|iPhoneSimulator.Build.0 = Debug|Any CPU
		{36104C45-F2AF-417B-B4F0-62A630E352D6}.Debug|x64.ActiveCfg = Debug|Any CPU
		{36104C45-F2AF-417B-B4F0-62A630E352D6}.Debug|x64.Build.0 = Debug|Any CPU
		{36104C45-F2AF-417B-B4F0-62A630E352D6}.Debug|x86.ActiveCfg = Debug|Any CPU
		{36104C45-F2AF-417B-B4F0-62A630E352D6}.Debug|x86.Build.0 = Debug|Any CPU
		{36104C45-F2AF-417B-B4F0-62A630E352D6}.Release|Any CPU.ActiveCfg = Release|Any CPU
		{36104C45-F2AF-417B-B4F0-62A630E352D6}.Release|Any CPU.Build.0 = Release|Any CPU
		{36104C45-F2AF-417B-B4F0-62A630E352D6}.Release|ARM.ActiveCfg = Release|Any CPU
		{36104C45-F2AF-417B-B4F0-62A630E352D6}.Release|ARM.Build.0 = Release|Any CPU
		{36104C45-F2AF-417B-B4F0-62A630E352D6}.Release|iPhone.ActiveCfg = Release|Any CPU
		{36104C45-F2AF-417B-B4F0-62A630E352D6}.Release|iPhone.Build.0 = Release|Any CPU
		{36104C45-F2AF-417B-B4F0-62A630E352D6}.Release|iPhoneSimulator.ActiveCfg = Release|Any CPU
		{36104C45-F2AF-417B-B4F0-62A630E352D6}.Release|iPhoneSimulator.Build.0 = Release|Any CPU
		{36104C45-F2AF-417B-B4F0-62A630E352D6}.Release|x64.ActiveCfg = Release|Any CPU
		{36104C45-F2AF-417B-B4F0-62A630E352D6}.Release|x64.Build.0 = Release|Any CPU
		{36104C45-F2AF-417B-B4F0-62A630E352D6}.Release|x86.ActiveCfg = Release|Any CPU
		{36104C45-F2AF-417B-B4F0-62A630E352D6}.Release|x86.Build.0 = Release|Any CPU
		{BA4A48BD-B5BF-43D9-A268-9255295705BC}.Ad-Hoc|Any CPU.ActiveCfg = Release|x86
		{BA4A48BD-B5BF-43D9-A268-9255295705BC}.Ad-Hoc|Any CPU.Build.0 = Release|x86
		{BA4A48BD-B5BF-43D9-A268-9255295705BC}.Ad-Hoc|Any CPU.Deploy.0 = Release|x86
		{BA4A48BD-B5BF-43D9-A268-9255295705BC}.Ad-Hoc|ARM.ActiveCfg = Release|ARM
		{BA4A48BD-B5BF-43D9-A268-9255295705BC}.Ad-Hoc|ARM.Build.0 = Release|ARM
		{BA4A48BD-B5BF-43D9-A268-9255295705BC}.Ad-Hoc|ARM.Deploy.0 = Release|ARM
		{BA4A48BD-B5BF-43D9-A268-9255295705BC}.Ad-Hoc|iPhone.ActiveCfg = Release|x86
		{BA4A48BD-B5BF-43D9-A268-9255295705BC}.Ad-Hoc|iPhone.Build.0 = Release|x86
		{BA4A48BD-B5BF-43D9-A268-9255295705BC}.Ad-Hoc|iPhone.Deploy.0 = Release|x86
		{BA4A48BD-B5BF-43D9-A268-9255295705BC}.Ad-Hoc|iPhoneSimulator.ActiveCfg = Release|x86
		{BA4A48BD-B5BF-43D9-A268-9255295705BC}.Ad-Hoc|iPhoneSimulator.Build.0 = Release|x86
		{BA4A48BD-B5BF-43D9-A268-9255295705BC}.Ad-Hoc|iPhoneSimulator.Deploy.0 = Release|x86
		{BA4A48BD-B5BF-43D9-A268-9255295705BC}.Ad-Hoc|x64.ActiveCfg = Release|x64
		{BA4A48BD-B5BF-43D9-A268-9255295705BC}.Ad-Hoc|x64.Build.0 = Release|x64
		{BA4A48BD-B5BF-43D9-A268-9255295705BC}.Ad-Hoc|x64.Deploy.0 = Release|x64
		{BA4A48BD-B5BF-43D9-A268-9255295705BC}.Ad-Hoc|x86.ActiveCfg = Release|x86
		{BA4A48BD-B5BF-43D9-A268-9255295705BC}.Ad-Hoc|x86.Build.0 = Release|x86
		{BA4A48BD-B5BF-43D9-A268-9255295705BC}.Ad-Hoc|x86.Deploy.0 = Release|x86
		{BA4A48BD-B5BF-43D9-A268-9255295705BC}.AppStore|Any CPU.ActiveCfg = Release|x86
		{BA4A48BD-B5BF-43D9-A268-9255295705BC}.AppStore|Any CPU.Build.0 = Release|x86
		{BA4A48BD-B5BF-43D9-A268-9255295705BC}.AppStore|Any CPU.Deploy.0 = Release|x86
		{BA4A48BD-B5BF-43D9-A268-9255295705BC}.AppStore|ARM.ActiveCfg = Release|ARM
		{BA4A48BD-B5BF-43D9-A268-9255295705BC}.AppStore|ARM.Build.0 = Release|ARM
		{BA4A48BD-B5BF-43D9-A268-9255295705BC}.AppStore|ARM.Deploy.0 = Release|ARM
		{BA4A48BD-B5BF-43D9-A268-9255295705BC}.AppStore|iPhone.ActiveCfg = Release|x86
		{BA4A48BD-B5BF-43D9-A268-9255295705BC}.AppStore|iPhone.Build.0 = Release|x86
		{BA4A48BD-B5BF-43D9-A268-9255295705BC}.AppStore|iPhone.Deploy.0 = Release|x86
		{BA4A48BD-B5BF-43D9-A268-9255295705BC}.AppStore|iPhoneSimulator.ActiveCfg = Release|x86
		{BA4A48BD-B5BF-43D9-A268-9255295705BC}.AppStore|iPhoneSimulator.Build.0 = Release|x86
		{BA4A48BD-B5BF-43D9-A268-9255295705BC}.AppStore|iPhoneSimulator.Deploy.0 = Release|x86
		{BA4A48BD-B5BF-43D9-A268-9255295705BC}.AppStore|x64.ActiveCfg = Release|x64
		{BA4A48BD-B5BF-43D9-A268-9255295705BC}.AppStore|x64.Build.0 = Release|x64
		{BA4A48BD-B5BF-43D9-A268-9255295705BC}.AppStore|x64.Deploy.0 = Release|x64
		{BA4A48BD-B5BF-43D9-A268-9255295705BC}.AppStore|x86.ActiveCfg = Release|x86
		{BA4A48BD-B5BF-43D9-A268-9255295705BC}.AppStore|x86.Build.0 = Release|x86
		{BA4A48BD-B5BF-43D9-A268-9255295705BC}.AppStore|x86.Deploy.0 = Release|x86
		{BA4A48BD-B5BF-43D9-A268-9255295705BC}.Debug|Any CPU.ActiveCfg = Debug|x86
		{BA4A48BD-B5BF-43D9-A268-9255295705BC}.Debug|ARM.ActiveCfg = Debug|ARM
		{BA4A48BD-B5BF-43D9-A268-9255295705BC}.Debug|ARM.Build.0 = Debug|ARM
		{BA4A48BD-B5BF-43D9-A268-9255295705BC}.Debug|ARM.Deploy.0 = Debug|ARM
		{BA4A48BD-B5BF-43D9-A268-9255295705BC}.Debug|iPhone.ActiveCfg = Debug|x86
		{BA4A48BD-B5BF-43D9-A268-9255295705BC}.Debug|iPhoneSimulator.ActiveCfg = Debug|x86
		{BA4A48BD-B5BF-43D9-A268-9255295705BC}.Debug|x64.ActiveCfg = Debug|x64
		{BA4A48BD-B5BF-43D9-A268-9255295705BC}.Debug|x64.Build.0 = Debug|x64
		{BA4A48BD-B5BF-43D9-A268-9255295705BC}.Debug|x64.Deploy.0 = Debug|x64
		{BA4A48BD-B5BF-43D9-A268-9255295705BC}.Debug|x86.ActiveCfg = Debug|x86
		{BA4A48BD-B5BF-43D9-A268-9255295705BC}.Debug|x86.Build.0 = Debug|x86
		{BA4A48BD-B5BF-43D9-A268-9255295705BC}.Debug|x86.Deploy.0 = Debug|x86
		{BA4A48BD-B5BF-43D9-A268-9255295705BC}.Release|Any CPU.ActiveCfg = Release|x86
		{BA4A48BD-B5BF-43D9-A268-9255295705BC}.Release|ARM.ActiveCfg = Release|ARM
		{BA4A48BD-B5BF-43D9-A268-9255295705BC}.Release|ARM.Build.0 = Release|ARM
		{BA4A48BD-B5BF-43D9-A268-9255295705BC}.Release|ARM.Deploy.0 = Release|ARM
		{BA4A48BD-B5BF-43D9-A268-9255295705BC}.Release|iPhone.ActiveCfg = Release|x86
		{BA4A48BD-B5BF-43D9-A268-9255295705BC}.Release|iPhoneSimulator.ActiveCfg = Release|x86
		{BA4A48BD-B5BF-43D9-A268-9255295705BC}.Release|x64.ActiveCfg = Release|x64
		{BA4A48BD-B5BF-43D9-A268-9255295705BC}.Release|x64.Build.0 = Release|x64
		{BA4A48BD-B5BF-43D9-A268-9255295705BC}.Release|x64.Deploy.0 = Release|x64
		{BA4A48BD-B5BF-43D9-A268-9255295705BC}.Release|x86.ActiveCfg = Release|x86
		{BA4A48BD-B5BF-43D9-A268-9255295705BC}.Release|x86.Build.0 = Release|x86
		{BA4A48BD-B5BF-43D9-A268-9255295705BC}.Release|x86.Deploy.0 = Release|x86
		{E924DAB9-F5F3-409D-B1FC-857B43455244}.Ad-Hoc|Any CPU.ActiveCfg = Ad-Hoc|iPhone
		{E924DAB9-F5F3-409D-B1FC-857B43455244}.Ad-Hoc|ARM.ActiveCfg = Ad-Hoc|iPhone
		{E924DAB9-F5F3-409D-B1FC-857B43455244}.Ad-Hoc|iPhone.ActiveCfg = Ad-Hoc|iPhone
		{E924DAB9-F5F3-409D-B1FC-857B43455244}.Ad-Hoc|iPhone.Build.0 = Ad-Hoc|iPhone
		{E924DAB9-F5F3-409D-B1FC-857B43455244}.Ad-Hoc|iPhoneSimulator.ActiveCfg = Ad-Hoc|iPhoneSimulator
		{E924DAB9-F5F3-409D-B1FC-857B43455244}.Ad-Hoc|iPhoneSimulator.Build.0 = Ad-Hoc|iPhoneSimulator
		{E924DAB9-F5F3-409D-B1FC-857B43455244}.Ad-Hoc|x64.ActiveCfg = Ad-Hoc|iPhone
		{E924DAB9-F5F3-409D-B1FC-857B43455244}.Ad-Hoc|x86.ActiveCfg = Ad-Hoc|iPhone
		{E924DAB9-F5F3-409D-B1FC-857B43455244}.AppStore|Any CPU.ActiveCfg = AppStore|iPhone
		{E924DAB9-F5F3-409D-B1FC-857B43455244}.AppStore|ARM.ActiveCfg = AppStore|iPhone
		{E924DAB9-F5F3-409D-B1FC-857B43455244}.AppStore|iPhone.ActiveCfg = AppStore|iPhone
		{E924DAB9-F5F3-409D-B1FC-857B43455244}.AppStore|iPhone.Build.0 = AppStore|iPhone
		{E924DAB9-F5F3-409D-B1FC-857B43455244}.AppStore|iPhoneSimulator.ActiveCfg = AppStore|iPhoneSimulator
		{E924DAB9-F5F3-409D-B1FC-857B43455244}.AppStore|iPhoneSimulator.Build.0 = AppStore|iPhoneSimulator
		{E924DAB9-F5F3-409D-B1FC-857B43455244}.AppStore|x64.ActiveCfg = AppStore|iPhone
		{E924DAB9-F5F3-409D-B1FC-857B43455244}.AppStore|x86.ActiveCfg = AppStore|iPhone
		{E924DAB9-F5F3-409D-B1FC-857B43455244}.Debug|Any CPU.ActiveCfg = Debug|iPhone
		{E924DAB9-F5F3-409D-B1FC-857B43455244}.Debug|ARM.ActiveCfg = Debug|iPhone
		{E924DAB9-F5F3-409D-B1FC-857B43455244}.Debug|iPhone.ActiveCfg = Debug|iPhone
		{E924DAB9-F5F3-409D-B1FC-857B43455244}.Debug|iPhone.Build.0 = Debug|iPhone
		{E924DAB9-F5F3-409D-B1FC-857B43455244}.Debug|iPhoneSimulator.ActiveCfg = Debug|iPhoneSimulator
		{E924DAB9-F5F3-409D-B1FC-857B43455244}.Debug|iPhoneSimulator.Build.0 = Debug|iPhoneSimulator
		{E924DAB9-F5F3-409D-B1FC-857B43455244}.Debug|x64.ActiveCfg = Debug|iPhone
		{E924DAB9-F5F3-409D-B1FC-857B43455244}.Debug|x86.ActiveCfg = Debug|iPhone
		{E924DAB9-F5F3-409D-B1FC-857B43455244}.Release|Any CPU.ActiveCfg = Release|iPhone
		{E924DAB9-F5F3-409D-B1FC-857B43455244}.Release|ARM.ActiveCfg = Release|iPhone
		{E924DAB9-F5F3-409D-B1FC-857B43455244}.Release|iPhone.ActiveCfg = Release|iPhone
		{E924DAB9-F5F3-409D-B1FC-857B43455244}.Release|iPhone.Build.0 = Release|iPhone
		{E924DAB9-F5F3-409D-B1FC-857B43455244}.Release|iPhoneSimulator.ActiveCfg = Release|iPhoneSimulator
		{E924DAB9-F5F3-409D-B1FC-857B43455244}.Release|iPhoneSimulator.Build.0 = Release|iPhoneSimulator
		{E924DAB9-F5F3-409D-B1FC-857B43455244}.Release|x64.ActiveCfg = Release|iPhone
		{E924DAB9-F5F3-409D-B1FC-857B43455244}.Release|x86.ActiveCfg = Release|iPhone
	EndGlobalSection
	GlobalSection(SolutionProperties) = preSolution
		HideSolutionNode = FALSE
	EndGlobalSection
	GlobalSection(ExtensibilityGlobals) = postSolution
		SolutionGuid = {1C698813-C13C-4AA9-81EC-670471D5355C}
	EndGlobalSection
EndGlobal
